
Microsoft Visual Studio Solution File, Format Version 12.00
# Visual Studio Version 16
VisualStudioVersion = 16.0.28902.138
MinimumVisualStudioVersion = 10.0.40219.1
Project("{FAE04EC0-301F-11D3-BF4B-00C04F79EFBC}") = "TamazightNLU", "TamazightNLU.csproj", "{B189C9CC-FDA5-430E-9E93-E7EC753F079A}"
EndProject
Global
	GlobalSection(SolutionConfigurationPlatforms) = preSolution
		Debug|Any CPU = Debug|Any CPU
		Release|Any CPU = Release|Any CPU
	EndGlobalSection
	GlobalSection(ProjectConfigurationPlatforms) = postSolution
		{B189C9CC-FDA5-430E-9E93-E7EC753F079A}.Debug|Any CPU.ActiveCfg = Debug|Any CPU
		{B189C9CC-FDA5-430E-9E93-E7EC753F079A}.Debug|Any CPU.Build.0 = Debug|Any CPU
		{B189C9CC-FDA5-430E-9E93-E7EC753F079A}.Release|Any CPU.ActiveCfg = Release|Any CPU
		{B189C9CC-FDA5-430E-9E93-E7EC753F079A}.Release|Any CPU.Build.0 = Release|Any CPU
	EndGlobalSection
	GlobalSection(SolutionProperties) = preSolution
		HideSolutionNode = FALSE
	EndGlobalSection
	GlobalSection(ExtensibilityGlobals) = postSolution
		SolutionGuid = {4A776861-1612-4145-8A2D-E215ABD77D5B}
	EndGlobalSection
EndGlobal
